version = 1
revision = 3
requires-python = ">=3.13"

[[package]]
name = "nassi-shneiderman-generator"
version = "0.1.0"
source = { git = "https://github.com/mgerhold/nassi-shneiderman-generator.git#766610969e15dcd7da696e063a3a5a38d7e16970" }
dependencies = [
    { name = "opencv-python" },
    { name = "pillow" },
]

[[package]]
name = "nessi"
version = "0.1.0"
source = { editable = "." }
dependencies = [
    { name = "nassi-shneiderman-generator" },
]

[package.dev-dependencies]
dev = [
    { name = "pyrefly" },
    { name = "ruff" },
]

[package.metadata]
requires-dist = [{ name = "nassi-shneiderman-generator", git = "https://github.com/mgerhold/nassi-shneiderman-generator.git" }]

[package.metadata.requires-dev]
dev = [
    { name = "pyrefly", specifier = ">=0.25.1" },
    { name = "ruff", specifier = ">=0.12.5" },
]

[[package]]
name = "numpy"
version = "2.2.6"
source = { registry = "https://pypi.org/simple" }
sdist = { url = "https://files.pythonhosted.org/packages/76/21/7d2a95e4bba9dc13d043ee156a356c0a8f0c6309dff6b21b4d71a073b8a8/numpy-2.2.6.tar.gz", hash = "sha256:e29554e2bef54a90aa5cc07da6ce955accb83f21ab5de01a62c8478897b264fd", size = 20276440, upload-time = "2025-05-17T22:38:04.611Z" }
wheels = [
    { url = "https://files.pythonhosted.org/packages/f9/5c/6657823f4f594f72b5471f1db1ab12e26e890bb2e41897522d134d2a3e81/numpy-2.2.6-cp313-cp313-macosx_10_13_x86_64.whl", hash = "sha256:0811bb762109d9708cca4d0b13c4f67146e3c3b7cf8d34018c722adb2d957c84", size = 20867828, upload-time = "2025-05-17T21:37:56.699Z" },
    { url = "https://files.pythonhosted.org/packages/dc/9e/14520dc3dadf3c803473bd07e9b2bd1b69bc583cb2497b47000fed2fa92f/numpy-2.2.6-cp313-cp313-macosx_11_0_arm64.whl", hash = "sha256:287cc3162b6f01463ccd86be154f284d0893d2b3ed7292439ea97eafa8170e0b", size = 14143006, upload-time = "2025-05-17T21:38:18.291Z" },
    { url = "https://files.pythonhosted.org/packages/4f/06/7e96c57d90bebdce9918412087fc22ca9851cceaf5567a45c1f404480e9e/numpy-2.2.6-cp313-cp313-macosx_14_0_arm64.whl", hash = "sha256:f1372f041402e37e5e633e586f62aa53de2eac8d98cbfb822806ce4bbefcb74d", size = 5076765, upload-time = "2025-05-17T21:38:27.319Z" },
    { url = "https://files.pythonhosted.org/packages/73/ed/63d920c23b4289fdac96ddbdd6132e9427790977d5457cd132f18e76eae0/numpy-2.2.6-cp313-cp313-macosx_14_0_x86_64.whl", hash = "sha256:55a4d33fa519660d69614a9fad433be87e5252f4b03850642f88993f7b2ca566", size = 6617736, upload-time = "2025-05-17T21:38:38.141Z" },
    { url = "https://files.pythonhosted.org/packages/85/c5/e19c8f99d83fd377ec8c7e0cf627a8049746da54afc24ef0a0cb73d5dfb5/numpy-2.2.6-cp313-cp313-manylinux_2_17_aarch64.manylinux2014_aarch64.whl", hash = "sha256:f92729c95468a2f4f15e9bb94c432a9229d0d50de67304399627a943201baa2f", size = 14010719, upload-time = "2025-05-17T21:38:58.433Z" },
    { url = "https://files.pythonhosted.org/packages/19/49/4df9123aafa7b539317bf6d342cb6d227e49f7a35b99c287a6109b13dd93/numpy-2.2.6-cp313-cp313-manylinux_2_17_x86_64.manylinux2014_x86_64.whl", hash = "sha256:1bc23a79bfabc5d056d106f9befb8d50c31ced2fbc70eedb8155aec74a45798f", size = 16526072, upload-time = "2025-05-17T21:39:22.638Z" },
    { url = "https://files.pythonhosted.org/packages/b2/6c/04b5f47f4f32f7c2b0e7260442a8cbcf8168b0e1a41ff1495da42f42a14f/numpy-2.2.6-cp313-cp313-musllinux_1_2_aarch64.whl", hash = "sha256:e3143e4451880bed956e706a3220b4e5cf6172ef05fcc397f6f36a550b1dd868", size = 15503213, upload-time = "2025-05-17T21:39:45.865Z" },
    { url = "https://files.pythonhosted.org/packages/17/0a/5cd92e352c1307640d5b6fec1b2ffb06cd0dabe7d7b8227f97933d378422/numpy-2.2.6-cp313-cp313-musllinux_1_2_x86_64.whl", hash = "sha256:b4f13750ce79751586ae2eb824ba7e1e8dba64784086c98cdbbcc6a42112ce0d", size = 18316632, upload-time = "2025-05-17T21:40:13.331Z" },
    { url = "https://files.pythonhosted.org/packages/f0/3b/5cba2b1d88760ef86596ad0f3d484b1cbff7c115ae2429678465057c5155/numpy-2.2.6-cp313-cp313-win32.whl", hash = "sha256:5beb72339d9d4fa36522fc63802f469b13cdbe4fdab4a288f0c441b74272ebfd", size = 6244532, upload-time = "2025-05-17T21:43:46.099Z" },
    { url = "https://files.pythonhosted.org/packages/cb/3b/d58c12eafcb298d4e6d0d40216866ab15f59e55d148a5658bb3132311fcf/numpy-2.2.6-cp313-cp313-win_amd64.whl", hash = "sha256:b0544343a702fa80c95ad5d3d608ea3599dd54d4632df855e4c8d24eb6ecfa1c", size = 12610885, upload-time = "2025-05-17T21:44:05.145Z" },
    { url = "https://files.pythonhosted.org/packages/6b/9e/4bf918b818e516322db999ac25d00c75788ddfd2d2ade4fa66f1f38097e1/numpy-2.2.6-cp313-cp313t-macosx_10_13_x86_64.whl", hash = "sha256:0bca768cd85ae743b2affdc762d617eddf3bcf8724435498a1e80132d04879e6", size = 20963467, upload-time = "2025-05-17T21:40:44Z" },
    { url = "https://files.pythonhosted.org/packages/61/66/d2de6b291507517ff2e438e13ff7b1e2cdbdb7cb40b3ed475377aece69f9/numpy-2.2.6-cp313-cp313t-macosx_11_0_arm64.whl", hash = "sha256:fc0c5673685c508a142ca65209b4e79ed6740a4ed6b2267dbba90f34b0b3cfda", size = 14225144, upload-time = "2025-05-17T21:41:05.695Z" },
    { url = "https://files.pythonhosted.org/packages/e4/25/480387655407ead912e28ba3a820bc69af9adf13bcbe40b299d454ec011f/numpy-2.2.6-cp313-cp313t-macosx_14_0_arm64.whl", hash = "sha256:5bd4fc3ac8926b3819797a7c0e2631eb889b4118a9898c84f585a54d475b7e40", size = 5200217, upload-time = "2025-05-17T21:41:15.903Z" },
    { url = "https://files.pythonhosted.org/packages/aa/4a/6e313b5108f53dcbf3aca0c0f3e9c92f4c10ce57a0a721851f9785872895/numpy-2.2.6-cp313-cp313t-macosx_14_0_x86_64.whl", hash = "sha256:fee4236c876c4e8369388054d02d0e9bb84821feb1a64dd59e137e6511a551f8", size = 6712014, upload-time = "2025-05-17T21:41:27.321Z" },
    { url = "https://files.pythonhosted.org/packages/b7/30/172c2d5c4be71fdf476e9de553443cf8e25feddbe185e0bd88b096915bcc/numpy-2.2.6-cp313-cp313t-manylinux_2_17_aarch64.manylinux2014_aarch64.whl", hash = "sha256:e1dda9c7e08dc141e0247a5b8f49cf05984955246a327d4c48bda16821947b2f", size = 14077935, upload-time = "2025-05-17T21:41:49.738Z" },
    { url = "https://files.pythonhosted.org/packages/12/fb/9e743f8d4e4d3c710902cf87af3512082ae3d43b945d5d16563f26ec251d/numpy-2.2.6-cp313-cp313t-manylinux_2_17_x86_64.manylinux2014_x86_64.whl", hash = "sha256:f447e6acb680fd307f40d3da4852208af94afdfab89cf850986c3ca00562f4fa", size = 16600122, upload-time = "2025-05-17T21:42:14.046Z" },
    { url = "https://files.pythonhosted.org/packages/12/75/ee20da0e58d3a66f204f38916757e01e33a9737d0b22373b3eb5a27358f9/numpy-2.2.6-cp313-cp313t-musllinux_1_2_aarch64.whl", hash = "sha256:389d771b1623ec92636b0786bc4ae56abafad4a4c513d36a55dce14bd9ce8571", size = 15586143, upload-time = "2025-05-17T21:42:37.464Z" },
    { url = "https://files.pythonhosted.org/packages/76/95/bef5b37f29fc5e739947e9ce5179ad402875633308504a52d188302319c8/numpy-2.2.6-cp313-cp313t-musllinux_1_2_x86_64.whl", hash = "sha256:8e9ace4a37db23421249ed236fdcdd457d671e25146786dfc96835cd951aa7c1", size = 18385260, upload-time = "2025-05-17T21:43:05.189Z" },
    { url = "https://files.pythonhosted.org/packages/09/04/f2f83279d287407cf36a7a8053a5abe7be3622a4363337338f2585e4afda/numpy-2.2.6-cp313-cp313t-win32.whl", hash = "sha256:038613e9fb8c72b0a41f025a7e4c3f0b7a1b5d768ece4796b674c8f3fe13efff", size = 6377225, upload-time = "2025-05-17T21:43:16.254Z" },
    { url = "https://files.pythonhosted.org/packages/67/0e/35082d13c09c02c011cf21570543d202ad929d961c02a147493cb0c2bdf5/numpy-2.2.6-cp313-cp313t-win_amd64.whl", hash = "sha256:6031dd6dfecc0cf9f668681a37648373bddd6421fff6c66ec1624eed0180ee06", size = 12771374, upload-time = "2025-05-17T21:43:35.479Z" },
]

[[package]]
name = "opencv-python"
version = "4.12.0.88"
source = { registry = "https://pypi.org/simple" }
dependencies = [
    { name = "numpy" },
]
sdist = { url = "https://files.pythonhosted.org/packages/ac/71/25c98e634b6bdeca4727c7f6d6927b056080668c5008ad3c8fc9e7f8f6ec/opencv-python-4.12.0.88.tar.gz", hash = "sha256:8b738389cede219405f6f3880b851efa3415ccd674752219377353f017d2994d", size = 95373294, upload-time = "2025-07-07T09:20:52.389Z" }
wheels = [
    { url = "https://files.pythonhosted.org/packages/85/68/3da40142e7c21e9b1d4e7ddd6c58738feb013203e6e4b803d62cdd9eb96b/opencv_python-4.12.0.88-cp37-abi3-macosx_13_0_arm64.whl", hash = "sha256:f9a1f08883257b95a5764bf517a32d75aec325319c8ed0f89739a57fae9e92a5", size = 37877727, upload-time = "2025-07-07T09:13:31.47Z" },
    { url = "https://files.pythonhosted.org/packages/33/7c/042abe49f58d6ee7e1028eefc3334d98ca69b030e3b567fe245a2b28ea6f/opencv_python-4.12.0.88-cp37-abi3-macosx_13_0_x86_64.whl", hash = "sha256:812eb116ad2b4de43ee116fcd8991c3a687f099ada0b04e68f64899c09448e81", size = 57326471, upload-time = "2025-07-07T09:13:41.26Z" },
    { url = "https://files.pythonhosted.org/packages/62/3a/440bd64736cf8116f01f3b7f9f2e111afb2e02beb2ccc08a6458114a6b5d/opencv_python-4.12.0.88-cp37-abi3-manylinux2014_aarch64.manylinux_2_17_aarch64.whl", hash = "sha256:51fd981c7df6af3e8f70b1556696b05224c4e6b6777bdd2a46b3d4fb09de1a92", size = 45887139, upload-time = "2025-07-07T09:13:50.761Z" },
    { url = "https://files.pythonhosted.org/packages/68/1f/795e7f4aa2eacc59afa4fb61a2e35e510d06414dd5a802b51a012d691b37/opencv_python-4.12.0.88-cp37-abi3-manylinux2014_x86_64.manylinux_2_17_x86_64.whl", hash = "sha256:092c16da4c5a163a818f120c22c5e4a2f96e0db4f24e659c701f1fe629a690f9", size = 67041680, upload-time = "2025-07-07T09:14:01.995Z" },
    { url = "https://files.pythonhosted.org/packages/02/96/213fea371d3cb2f1d537612a105792aa0a6659fb2665b22cad709a75bd94/opencv_python-4.12.0.88-cp37-abi3-win32.whl", hash = "sha256:ff554d3f725b39878ac6a2e1fa232ec509c36130927afc18a1719ebf4fbf4357", size = 30284131, upload-time = "2025-07-07T09:14:08.819Z" },
    { url = "https://files.pythonhosted.org/packages/fa/80/eb88edc2e2b11cd2dd2e56f1c80b5784d11d6e6b7f04a1145df64df40065/opencv_python-4.12.0.88-cp37-abi3-win_amd64.whl", hash = "sha256:d98edb20aa932fd8ebd276a72627dad9dc097695b3d435a4257557bbb49a79d2", size = 39000307, upload-time = "2025-07-07T09:14:16.641Z" },
]

[[package]]
name = "pillow"
version = "12.1.0"
source = { registry = "https://pypi.org/simple" }
sdist = { url = "https://files.pythonhosted.org/packages/d0/02/d52c733a2452ef1ffcc123b68e6606d07276b0e358db70eabad7e40042b7/pillow-12.1.0.tar.gz", hash = "sha256:5c5ae0a06e9ea030ab786b0251b32c7e4ce10e58d983c0d5c56029455180b5b9", size = 46977283, upload-time = "2026-01-02T09:13:29.892Z" }
wheels = [
    { url = "https://files.pythonhosted.org/packages/dd/c7/2530a4aa28248623e9d7f27316b42e27c32ec410f695929696f2e0e4a778/pillow-12.1.0-cp313-cp313-ios_13_0_arm64_iphoneos.whl", hash = "sha256:7b5dd7cbae20285cdb597b10eb5a2c13aa9de6cde9bb64a3c1317427b1db1ae1", size = 4062543, upload-time = "2026-01-02T09:11:31.566Z" },
    { url = "https://files.pythonhosted.org/packages/8f/1f/40b8eae823dc1519b87d53c30ed9ef085506b05281d313031755c1705f73/pillow-12.1.0-cp313-cp313-ios_13_0_arm64_iphonesimulator.whl", hash = "sha256:29a4cef9cb672363926f0470afc516dbf7305a14d8c54f7abbb5c199cd8f8179", size = 4138373, upload-time = "2026-01-02T09:11:33.367Z" },
    { url = "https://files.pythonhosted.org/packages/d4/77/6fa60634cf06e52139fd0e89e5bbf055e8166c691c42fb162818b7fda31d/pillow-12.1.0-cp313-cp313-ios_13_0_x86_64_iphonesimulator.whl", hash = "sha256:681088909d7e8fa9e31b9799aaa59ba5234c58e5e4f1951b4c4d1082a2e980e0", size = 3601241, upload-time = "2026-01-02T09:11:35.011Z" },
    { url = "https://files.pythonhosted.org/packages/4f/bf/28ab865de622e14b747f0cd7877510848252d950e43002e224fb1c9ababf/pillow-12.1.0-cp313-cp313-macosx_10_13_x86_64.whl", hash = "sha256:983976c2ab753166dc66d36af6e8ec15bb511e4a25856e2227e5f7e00a160587", size = 5262410, upload-time = "2026-01-02T09:11:36.682Z" },
    { url = "https://files.pythonhosted.org/packages/1c/34/583420a1b55e715937a85bd48c5c0991598247a1fd2eb5423188e765ea02/pillow-12.1.0-cp313-cp313-macosx_11_0_arm64.whl", hash = "sha256:db44d5c160a90df2d24a24760bbd37607d53da0b34fb546c4c232af7192298ac", size = 4657312, upload-time = "2026-01-02T09:11:38.535Z" },
    { url = "https://files.pythonhosted.org/packages/1d/fd/f5a0896839762885b3376ff04878f86ab2b097c2f9a9cdccf4eda8ba8dc0/pillow-12.1.0-cp313-cp313-manylinux2014_aarch64.manylinux_2_17_aarch64.whl", hash = "sha256:6b7a9d1db5dad90e2991645874f708e87d9a3c370c243c2d7684d28f7e133e6b", size = 6232605, upload-time = "2026-01-02T09:11:40.602Z" },
    { url = "https://files.pythonhosted.org/packages/98/aa/938a09d127ac1e70e6ed467bd03834350b33ef646b31edb7452d5de43792/pillow-12.1.0-cp313-cp313-manylinux2014_x86_64.manylinux_2_17_x86_64.whl", hash = "sha256:6258f3260986990ba2fa8a874f8b6e808cf5abb51a94015ca3dc3c68aa4f30ea", size = 8041617, upload-time = "2026-01-02T09:11:42.721Z" },
    { url = "https://files.pythonhosted.org/packages/17/e8/538b24cb426ac0186e03f80f78bc8dc7246c667f58b540bdd57c71c9f79d/pillow-12.1.0-cp313-cp313-manylinux_2_27_aarch64.manylinux_2_28_aarch64.whl", hash = "sha256:e115c15e3bc727b1ca3e641a909f77f8ca72a64fff150f666fcc85e57701c26c", size = 6346509, upload-time = "2026-01-02T09:11:44.955Z" },
    { url = "https://files.pythonhosted.org/packages/01/9a/632e58ec89a32738cabfd9ec418f0e9898a2b4719afc581f07c04a05e3c9/pillow-12.1.0-cp313-cp313-manylinux_2_27_x86_64.manylinux_2_28_x86_64.whl", hash = "sha256:6741e6f3074a35e47c77b23a4e4f2d90db3ed905cb1c5e6e0d49bff2045632bc", size = 7038117, upload-time = "2026-01-02T09:11:46.736Z" },
    { url = "https://files.pythonhosted.org/packages/c7/a2/d40308cf86eada842ca1f3ffa45d0ca0df7e4ab33c83f81e73f5eaed136d/pillow-12.1.0-cp313-cp313-musllinux_1_2_aarch64.whl", hash = "sha256:935b9d1aed48fcfb3f838caac506f38e29621b44ccc4f8a64d575cb1b2a88644", size = 6460151, upload-time = "2026-01-02T09:11:48.625Z" },
    { url = "https://files.pythonhosted.org/packages/f1/88/f5b058ad6453a085c5266660a1417bdad590199da1b32fb4efcff9d33b05/pillow-12.1.0-cp313-cp313-musllinux_1_2_x86_64.whl", hash = "sha256:5fee4c04aad8932da9f8f710af2c1a15a83582cfb884152a9caa79d4efcdbf9c", size = 7164534, upload-time = "2026-01-02T09:11:50.445Z" },
    { url = "https://files.pythonhosted.org/packages/19/ce/c17334caea1db789163b5d855a5735e47995b0b5dc8745e9a3605d5f24c0/pillow-12.1.0-cp313-cp313-win32.whl", hash = "sha256:a786bf667724d84aa29b5db1c61b7bfdde380202aaca12c3461afd6b71743171", size = 6332551, upload-time = "2026-01-02T09:11:52.234Z" },
    { url = "https://files.pythonhosted.org/packages/e5/07/74a9d941fa45c90a0d9465098fe1ec85de3e2afbdc15cc4766622d516056/pillow-12.1.0-cp313-cp313-win_amd64.whl", hash = "sha256:461f9dfdafa394c59cd6d818bdfdbab4028b83b02caadaff0ffd433faf4c9a7a", size = 7040087, upload-time = "2026-01-02T09:11:54.822Z" },
    { url = "https://files.pythonhosted.org/packages/88/09/c99950c075a0e9053d8e880595926302575bc742b1b47fe1bbcc8d388d50/pillow-12.1.0-cp313-cp313-win_arm64.whl", hash = "sha256:9212d6b86917a2300669511ed094a9406888362e085f2431a7da985a6b124f45", size = 2452470, upload-time = "2026-01-02T09:11:56.522Z" },
    { url = "https://files.pythonhosted.org/packages/b5/ba/970b7d85ba01f348dee4d65412476321d40ee04dcb51cd3735b9dc94eb58/pillow-12.1.0-cp313-cp313t-macosx_10_13_x86_64.whl", hash = "sha256:00162e9ca6d22b7c3ee8e61faa3c3253cd19b6a37f126cad04f2f88b306f557d", size = 5264816, upload-time = "2026-01-02T09:11:58.227Z" },
    { url = "https://files.pythonhosted.org/packages/10/60/650f2fb55fdba7a510d836202aa52f0baac633e50ab1cf18415d332188fb/pillow-12.1.0-cp313-cp313t-macosx_11_0_arm64.whl", hash = "sha256:7d6daa89a00b58c37cb1747ec9fb7ac3bc5ffd5949f5888657dfddde6d1312e0", size = 4660472, upload-time = "2026-01-02T09:12:00.798Z" },
    { url = "https://files.pythonhosted.org/packages/2b/c0/5273a99478956a099d533c4f46cbaa19fd69d606624f4334b85e50987a08/pillow-12.1.0-cp313-cp313t-manylinux2014_aarch64.manylinux_2_17_aarch64.whl", hash = "sha256:e2479c7f02f9d505682dc47df8c0ea1fc5e264c4d1629a5d63fe3e2334b89554", size = 6268974, upload-time = "2026-01-02T09:12:02.572Z" },
    { url = "https://files.pythonhosted.org/packages/b4/26/0bf714bc2e73d5267887d47931d53c4ceeceea6978148ed2ab2a4e6463c4/pillow-12.1.0-cp313-cp313t-manylinux2014_x86_64.manylinux_2_17_x86_64.whl", hash = "sha256:f188d580bd870cda1e15183790d1cc2fa78f666e76077d103edf048eed9c356e", size = 8073070, upload-time = "2026-01-02T09:12:04.75Z" },
    { url = "https://files.pythonhosted.org/packages/43/cf/1ea826200de111a9d65724c54f927f3111dc5ae297f294b370a670c17786/pillow-12.1.0-cp313-cp313t-manylinux_2_27_aarch64.manylinux_2_28_aarch64.whl", hash = "sha256:0fde7ec5538ab5095cc02df38ee99b0443ff0e1c847a045554cf5f9af1f4aa82", size = 6380176, upload-time = "2026-01-02T09:12:06.626Z" },
    { url = "https://files.pythonhosted.org/packages/03/e0/7938dd2b2013373fd85d96e0f38d62b7a5a262af21ac274250c7ca7847c9/pillow-12.1.0-cp313-cp313t-manylinux_2_27_x86_64.manylinux_2_28_x86_64.whl", hash = "sha256:0ed07dca4a8464bada6139ab38f5382f83e5f111698caf3191cb8dbf27d908b4", size = 7067061, upload-time = "2026-01-02T09:12:08.624Z" },
    { url = "https://files.pythonhosted.org/packages/86/ad/a2aa97d37272a929a98437a8c0ac37b3cf012f4f8721e1bd5154699b2518/pillow-12.1.0-cp313-cp313t-musllinux_1_2_aarch64.whl", hash = "sha256:f45bd71d1fa5e5749587613037b172e0b3b23159d1c00ef2fc920da6f470e6f0", size = 6491824, upload-time = "2026-01-02T09:12:10.488Z" },
    { url = "https://files.pythonhosted.org/packages/a4/44/80e46611b288d51b115826f136fb3465653c28f491068a72d3da49b54cd4/pillow-12.1.0-cp313-cp313t-musllinux_1_2_x86_64.whl", hash = "sha256:277518bf4fe74aa91489e1b20577473b19ee70fb97c374aa50830b279f25841b", size = 7190911, upload-time = "2026-01-02T09:12:12.772Z" },
    { url = "https://files.pythonhosted.org/packages/86/77/eacc62356b4cf81abe99ff9dbc7402750044aed02cfd6a503f7c6fc11f3e/pillow-12.1.0-cp313-cp313t-win32.whl", hash = "sha256:7315f9137087c4e0ee73a761b163fc9aa3b19f5f606a7fc08d83fd3e4379af65", size = 6336445, upload-time = "2026-01-02T09:12:14.775Z" },
    { url = "https://files.pythonhosted.org/packages/e7/3c/57d81d0b74d218706dafccb87a87ea44262c43eef98eb3b164fd000e0491/pillow-12.1.0-cp313-cp313t-win_amd64.whl", hash = "sha256:0ddedfaa8b5f0b4ffbc2fa87b556dc59f6bb4ecb14a53b33f9189713ae8053c0", size = 7045354, upload-time = "2026-01-02T09:12:16.599Z" },
    { url = "https://files.pythonhosted.org/packages/ac/82/8b9b97bba2e3576a340f93b044a3a3a09841170ab4c1eb0d5c93469fd32f/pillow-12.1.0-cp313-cp313t-win_arm64.whl", hash = "sha256:80941e6d573197a0c28f394753de529bb436b1ca990ed6e765cf42426abc39f8", size = 2454547, upload-time = "2026-01-02T09:12:18.704Z" },
    { url = "https://files.pythonhosted.org/packages/8c/87/bdf971d8bbcf80a348cc3bacfcb239f5882100fe80534b0ce67a784181d8/pillow-12.1.0-cp314-cp314-ios_13_0_arm64_iphoneos.whl", hash = "sha256:5cb7bc1966d031aec37ddb9dcf15c2da5b2e9f7cc3ca7c54473a20a927e1eb91", size = 4062533, upload-time = "2026-01-02T09:12:20.791Z" },
    { url = "https://files.pythonhosted.org/packages/ff/4f/5eb37a681c68d605eb7034c004875c81f86ec9ef51f5be4a63eadd58859a/pillow-12.1.0-cp314-cp314-ios_13_0_arm64_iphonesimulator.whl", hash = "sha256:97e9993d5ed946aba26baf9c1e8cf18adbab584b99f452ee72f7ee8acb882796", size = 4138546, upload-time = "2026-01-02T09:12:23.664Z" },
    { url = "https://files.pythonhosted.org/packages/11/6d/19a95acb2edbace40dcd582d077b991646b7083c41b98da4ed7555b59733/pillow-12.1.0-cp314-cp314-ios_13_0_x86_64_iphonesimulator.whl", hash = "sha256:414b9a78e14ffeb98128863314e62c3f24b8a86081066625700b7985b3f529bd", size = 3601163, upload-time = "2026-01-02T09:12:26.338Z" },
    { url = "https://files.pythonhosted.org/packages/fc/36/2b8138e51cb42e4cc39c3297713455548be855a50558c3ac2beebdc251dd/pillow-12.1.0-cp314-cp314-macosx_10_15_x86_64.whl", hash = "sha256:e6bdb408f7c9dd2a5ff2b14a3b0bb6d4deb29fb9961e6eb3ae2031ae9a5cec13", size = 5266086, upload-time = "2026-01-02T09:12:28.782Z" },
    { url = "https://files.pythonhosted.org/packages/53/4b/649056e4d22e1caa90816bf99cef0884aed607ed38075bd75f091a607a38/pillow-12.1.0-cp314-cp314-macosx_11_0_arm64.whl", hash = "sha256:3413c2ae377550f5487991d444428f1a8ae92784aac79caa8b1e3b89b175f77e", size = 4657344, upload-time = "2026-01-02T09:12:31.117Z" },
    { url = "https://files.pythonhosted.org/packages/6c/6b/c5742cea0f1ade0cd61485dc3d81f05261fc2276f537fbdc00802de56779/pillow-12.1.0-cp314-cp314-manylinux2014_aarch64.manylinux_2_17_aarch64.whl", hash = "sha256:e5dcbe95016e88437ecf33544ba5db21ef1b8dd6e1b434a2cb2a3d605299e643", size = 6232114, upload-time = "2026-01-02T09:12:32.936Z" },
    { url = "https://files.pythonhosted.org/packages/bf/8f/9f521268ce22d63991601aafd3d48d5ff7280a246a1ef62d626d67b44064/pillow-12.1.0-cp314-cp314-manylinux2014_x86_64.manylinux_2_17_x86_64.whl", hash = "sha256:d0a7735df32ccbcc98b98a1ac785cc4b19b580be1bdf0aeb5c03223220ea09d5", size = 8042708, upload-time = "2026-01-02T09:12:34.78Z" },
    { url = "https://files.pythonhosted.org/packages/1a/eb/257f38542893f021502a1bbe0c2e883c90b5cff26cc33b1584a841a06d30/pillow-12.1.0-cp314-cp314-manylinux_2_27_aarch64.manylinux_2_28_aarch64.whl", hash = "sha256:0c27407a2d1b96774cbc4a7594129cc027339fd800cd081e44497722ea1179de", size = 6347762, upload-time = "2026-01-02T09:12:36.748Z" },
    { url = "https://files.pythonhosted.org/packages/c4/5a/8ba375025701c09b309e8d5163c5a4ce0102fa86bbf8800eb0d7ac87bc51/pillow-12.1.0-cp314-cp314-manylinux_2_27_x86_64.manylinux_2_28_x86_64.whl", hash = "sha256:15c794d74303828eaa957ff8070846d0efe8c630901a1c753fdc63850e19ecd9", size = 7039265, upload-time = "2026-01-02T09:12:39.082Z" },
    { url = "https://files.pythonhosted.org/packages/cf/dc/cf5e4cdb3db533f539e88a7bbf9f190c64ab8a08a9bc7a4ccf55067872e4/pillow-12.1.0-cp314-cp314-musllinux_1_2_aarch64.whl", hash = "sha256:c990547452ee2800d8506c4150280757f88532f3de2a58e3022e9b179107862a", size = 6462341, upload-time = "2026-01-02T09:12:40.946Z" },
    { url = "https://files.pythonhosted.org/packages/d0/47/0291a25ac9550677e22eda48510cfc4fa4b2ef0396448b7fbdc0a6946309/pillow-12.1.0-cp314-cp314-musllinux_1_2_x86_64.whl", hash = "sha256:b63e13dd27da389ed9475b3d28510f0f954bca0041e8e551b2a4eb1eab56a39a", size = 7165395, upload-time = "2026-01-02T09:12:42.706Z" },
    { url = "https://files.pythonhosted.org/packages/4f/4c/e005a59393ec4d9416be06e6b45820403bb946a778e39ecec62f5b2b991e/pillow-12.1.0-cp314-cp314-win32.whl", hash = "sha256:1a949604f73eb07a8adab38c4fe50791f9919344398bdc8ac6b307f755fc7030", size = 6431413, upload-time = "2026-01-02T09:12:44.944Z" },
    { url = "https://files.pythonhosted.org/packages/1c/af/f23697f587ac5f9095d67e31b81c95c0249cd461a9798a061ed6709b09b5/pillow-12.1.0-cp314-cp314-win_amd64.whl", hash = "sha256:4f9f6a650743f0ddee5593ac9e954ba1bdbc5e150bc066586d4f26127853ab94", size = 7176779, upload-time = "2026-01-02T09:12:46.727Z" },
    { url = "https://files.pythonhosted.org/packages/b3/36/6a51abf8599232f3e9afbd16d52829376a68909fe14efe29084445db4b73/pillow-12.1.0-cp314-cp314-win_arm64.whl", hash = "sha256:808b99604f7873c800c4840f55ff389936ef1948e4e87645eaf3fccbc8477ac4", size = 2543105, upload-time = "2026-01-02T09:12:49.243Z" },
    { url = "https://files.pythonhosted.org/packages/82/54/2e1dd20c8749ff225080d6ba465a0cab4387f5db0d1c5fb1439e2d99923f/pillow-12.1.0-cp314-cp314t-macosx_10_15_x86_64.whl", hash = "sha256:bc11908616c8a283cf7d664f77411a5ed2a02009b0097ff8abbba5e79128ccf2", size = 5268571, upload-time = "2026-01-02T09:12:51.11Z" },
    { url = "https://files.pythonhosted.org/packages/57/61/571163a5ef86ec0cf30d265ac2a70ae6fc9e28413d1dc94fa37fae6bda89/pillow-12.1.0-cp314-cp314t-macosx_11_0_arm64.whl", hash = "sha256:896866d2d436563fa2a43a9d72f417874f16b5545955c54a64941e87c1376c61", size = 4660426, upload-time = "2026-01-02T09:12:52.865Z" },
    { url = "https://files.pythonhosted.org/packages/5e/e1/53ee5163f794aef1bf84243f755ee6897a92c708505350dd1923f4afec48/pillow-12.1.0-cp314-cp314t-manylinux2014_aarch64.manylinux_2_17_aarch64.whl", hash = "sha256:8e178e3e99d3c0ea8fc64b88447f7cac8ccf058af422a6cedc690d0eadd98c51", size = 6269908, upload-time = "2026-01-02T09:12:54.884Z" },
    { url = "https://files.pythonhosted.org/packages/bc/0b/b4b4106ff0ee1afa1dc599fde6ab230417f800279745124f6c50bcffed8e/pillow-12.1.0-cp314-cp314t-manylinux2014_x86_64.manylinux_2_17_x86_64.whl", hash = "sha256:079af2fb0c599c2ec144ba2c02766d1b55498e373b3ac64687e43849fbbef5bc", size = 8074733, upload-time = "2026-01-02T09:12:56.802Z" },
    { url = "https://files.pythonhosted.org/packages/19/9f/80b411cbac4a732439e629a26ad3ef11907a8c7fc5377b7602f04f6fe4e7/pillow-12.1.0-cp314-cp314t-manylinux_2_27_aarch64.manylinux_2_28_aarch64.whl", hash = "sha256:bdec5e43377761c5dbca620efb69a77f6855c5a379e32ac5b158f54c84212b14", size = 6381431, upload-time = "2026-01-02T09:12:58.823Z" },
    { url = "https://files.pythonhosted.org/packages/8f/b7/d65c45db463b66ecb6abc17c6ba6917a911202a07662247e1355ce1789e7/pillow-12.1.0-cp314-cp314t-manylinux_2_27_x86_64.manylinux_2_28_x86_64.whl", hash = "sha256:565c986f4b45c020f5421a4cea13ef294dde9509a8577f29b2fc5edc7587fff8", size = 7068529, upload-time = "2026-01-02T09:13:00.885Z" },
    { url = "https://files.pythonhosted.org/packages/50/96/dfd4cd726b4a45ae6e3c669fc9e49deb2241312605d33aba50499e9d9bd1/pillow-12.1.0-cp314-cp314t-musllinux_1_2_aarch64.whl", hash = "sha256:43aca0a55ce1eefc0aefa6253661cb54571857b1a7b2964bd8a1e3ef4b729924", size = 6492981, upload-time = "2026-01-02T09:13:03.314Z" },
    { url = "https://files.pythonhosted.org/packages/4d/1c/b5dc52cf713ae46033359c5ca920444f18a6359ce1020dd3e9c553ea5bc6/pillow-12.1.0-cp314-cp314t-musllinux_1_2_x86_64.whl", hash = "sha256:0deedf2ea233722476b3a81e8cdfbad786f7adbed5d848469fa59fe52396e4ef", size = 7191878, upload-time = "2026-01-02T09:13:05.276Z" },
    { url = "https://files.pythonhosted.org/packages/53/26/c4188248bd5edaf543864fe4834aebe9c9cb4968b6f573ce014cc42d0720/pillow-12.1.0-cp314-cp314t-win32.whl", hash = "sha256:b17fbdbe01c196e7e159aacb889e091f28e61020a8abeac07b68079b6e626988", size = 6438703, upload-time = "2026-01-02T09:13:07.491Z" },
    { url = "https://files.pythonhosted.org/packages/b8/0e/69ed296de8ea05cb03ee139cee600f424ca166e632567b2d66727f08c7ed/pillow-12.1.0-cp314-cp314t-win_amd64.whl", hash = "sha256:27b9baecb428899db6c0de572d6d305cfaf38ca1596b5c0542a5182e3e74e8c6", size = 7182927, upload-time = "2026-01-02T09:13:09.841Z" },
    { url = "https://files.pythonhosted.org/packages/fc/f5/68334c015eed9b5cff77814258717dec591ded209ab5b6fb70e2ae873d1d/pillow-12.1.0-cp314-cp314t-win_arm64.whl", hash = "sha256:f61333d817698bdcdd0f9d7793e365ac3d2a21c1f1eb02b32ad6aefb8d8ea831", size = 2545104, upload-time = "2026-01-02T09:13:12.068Z" },
]

[[package]]
name = "pyrefly"
version = "0.47.0"
source = { registry = "https://pypi.org/simple" }
sdist = { url = "https://files.pythonhosted.org/packages/27/fd/7eb31cb162dcbccdff6583c728b38b9fcbd632f982fad72c4c10853ea3e2/pyrefly-0.47.0.tar.gz", hash = "sha256:e732b281ce6fc127b2031f5ec2ae141299ee621de55e7091f3667f33c97b3bb3", size = 4781099, upload-time = "2026-01-05T13:19:05.129Z" }
wheels = [
    { url = "https://files.pythonhosted.org/packages/f0/71/d2389376ade8817189a121015bb6330797f4dbd60ebb11b14344d7eb5fb5/pyrefly-0.47.0-py3-none-macosx_10_12_x86_64.whl", hash = "sha256:d3b3e72c98101860f85d5b48fca7841b42dd1506ed10403212766494db623708", size = 11677906, upload-time = "2026-01-05T13:18:45.723Z" },
    { url = "https://files.pythonhosted.org/packages/36/56/8be088cbd52fb1d04ebda2f191c71422fbd50aa777f95359a623153d4681/pyrefly-0.47.0-py3-none-macosx_11_0_arm64.whl", hash = "sha256:7ff9b7028d9040e13f57fab850c0f69441f507b4fd274f8f9baf5699db7c5b2e", size = 11283972, upload-time = "2026-01-05T13:18:47.876Z" },
    { url = "https://files.pythonhosted.org/packages/02/ae/90547a0198535d16eb4c639a860e5e08b3dc3ccc8abdbf46f7e2eae98deb/pyrefly-0.47.0-py3-none-manylinux_2_17_aarch64.manylinux2014_aarch64.whl", hash = "sha256:91c2ce4b67f9b2759895368fe5d87049a4b69692470715590db4aaee13622bf5", size = 31551972, upload-time = "2026-01-05T13:18:50.451Z" },
    { url = "https://files.pythonhosted.org/packages/56/fb/2a9b621f411c4b22211f6a8283153dfe06bffcc1e2b77589f55d22adc4ff/pyrefly-0.47.0-py3-none-manylinux_2_17_i686.manylinux2014_i686.whl", hash = "sha256:1398652b7df45a1da4502df3342b3ee7b03ab8312af204f60f1dfa5358c26f95", size = 33762016, upload-time = "2026-01-05T13:18:53.575Z" },
    { url = "https://files.pythonhosted.org/packages/1f/db/921dbc67a8d0c5b3919891bd8b0f5b0e4618642aa4fedd068d407b38a044/pyrefly-0.47.0-py3-none-manylinux_2_17_x86_64.manylinux2014_x86_64.whl", hash = "sha256:e1c0a7cc57eb06055adffe2c215f4a32ebb25b47229783ef466917bf42f512e5", size = 34818294, upload-time = "2026-01-05T13:18:56.347Z" },
    { url = "https://files.pythonhosted.org/packages/2a/7d/1c97707eebcc059ddb1ff0ba82d91b7515edca1f0108ddfa85e668483a23/pyrefly-0.47.0-py3-none-win32.whl", hash = "sha256:fad61ce868667b9a2cd9b612b43c8221110c6221400db56c01e7457f18fe92dc", size = 10747277, upload-time = "2026-01-05T13:18:58.883Z" },
    { url = "https://files.pythonhosted.org/packages/7a/57/201f2bcbb5893471d7295184880cd3700cde170913471bcd6360bea6321f/pyrefly-0.47.0-py3-none-win_amd64.whl", hash = "sha256:9ff04b85de4d75a5dd47decbd31dfbead959f12d228d056b1f627d9da31f9d76", size = 11442228, upload-time = "2026-01-05T13:19:00.894Z" },
    { url = "https://files.pythonhosted.org/packages/b7/d6/f365d429ac871ab7bc8f9e31e3f4133d4b80529ac140939b5d37ddd9f27e/pyrefly-0.47.0-py3-none-win_arm64.whl", hash = "sha256:501e1fb1f90d4b04b44bf4874972804758b49e1880f4dde6b6750050f80a563b", size = 10989586, upload-time = "2026-01-05T13:19:02.996Z" },
]

[[package]]
name = "ruff"
version = "0.14.10"
source = { registry = "https://pypi.org/simple" }
sdist = { url = "https://files.pythonhosted.org/packages/57/08/52232a877978dd8f9cf2aeddce3e611b40a63287dfca29b6b8da791f5e8d/ruff-0.14.10.tar.gz", hash = "sha256:9a2e830f075d1a42cd28420d7809ace390832a490ed0966fe373ba288e77aaf4", size = 5859763, upload-time = "2025-12-18T19:28:57.98Z" }
wheels = [
    { url = "https://files.pythonhosted.org/packages/60/01/933704d69f3f05ee16ef11406b78881733c186fe14b6a46b05cfcaf6d3b2/ruff-0.14.10-py3-none-linux_armv6l.whl", hash = "sha256:7a3ce585f2ade3e1f29ec1b92df13e3da262178df8c8bdf876f48fa0e8316c49", size = 13527080, upload-time = "2025-12-18T19:29:25.642Z" },
    { url = "https://files.pythonhosted.org/packages/df/58/a0349197a7dfa603ffb7f5b0470391efa79ddc327c1e29c4851e85b09cc5/ruff-0.14.10-py3-none-macosx_10_12_x86_64.whl", hash = "sha256:674f9be9372907f7257c51f1d4fc902cb7cf014b9980152b802794317941f08f", size = 13797320, upload-time = "2025-12-18T19:29:02.571Z" },
    { url = "https://files.pythonhosted.org/packages/7b/82/36be59f00a6082e38c23536df4e71cdbc6af8d7c707eade97fcad5c98235/ruff-0.14.10-py3-none-macosx_11_0_arm64.whl", hash = "sha256:d85713d522348837ef9df8efca33ccb8bd6fcfc86a2cde3ccb4bc9d28a18003d", size = 12918434, upload-time = "2025-12-18T19:28:51.202Z" },
    { url = "https://files.pythonhosted.org/packages/a6/00/45c62a7f7e34da92a25804f813ebe05c88aa9e0c25e5cb5a7d23dd7450e3/ruff-0.14.10-py3-none-manylinux_2_17_aarch64.manylinux2014_aarch64.whl", hash = "sha256:6987ebe0501ae4f4308d7d24e2d0fe3d7a98430f5adfd0f1fead050a740a3a77", size = 13371961, upload-time = "2025-12-18T19:29:04.991Z" },
    { url = "https://files.pythonhosted.org/packages/40/31/a5906d60f0405f7e57045a70f2d57084a93ca7425f22e1d66904769d1628/ruff-0.14.10-py3-none-manylinux_2_17_armv7l.manylinux2014_armv7l.whl", hash = "sha256:16a01dfb7b9e4eee556fbfd5392806b1b8550c9b4a9f6acd3dbe6812b193c70a", size = 13275629, upload-time = "2025-12-18T19:29:21.381Z" },
    { url = "https://files.pythonhosted.org/packages/3e/60/61c0087df21894cf9d928dc04bcd4fb10e8b2e8dca7b1a276ba2155b2002/ruff-0.14.10-py3-none-manylinux_2_17_i686.manylinux2014_i686.whl", hash = "sha256:7165d31a925b7a294465fa81be8c12a0e9b60fb02bf177e79067c867e71f8b1f", size = 14029234, upload-time = "2025-12-18T19:29:00.132Z" },
    { url = "https://files.pythonhosted.org/packages/44/84/77d911bee3b92348b6e5dab5a0c898d87084ea03ac5dc708f46d88407def/ruff-0.14.10-py3-none-manylinux_2_17_ppc64.manylinux2014_ppc64.whl", hash = "sha256:c561695675b972effb0c0a45db233f2c816ff3da8dcfbe7dfc7eed625f218935", size = 15449890, upload-time = "2025-12-18T19:28:53.573Z" },
    { url = "https://files.pythonhosted.org/packages/e9/36/480206eaefa24a7ec321582dda580443a8f0671fdbf6b1c80e9c3e93a16a/ruff-0.14.10-py3-none-manylinux_2_17_ppc64le.manylinux2014_ppc64le.whl", hash = "sha256:4bb98fcbbc61725968893682fd4df8966a34611239c9fd07a1f6a07e7103d08e", size = 15123172, upload-time = "2025-12-18T19:29:23.453Z" },
    { url = "https://files.pythonhosted.org/packages/5c/38/68e414156015ba80cef5473d57919d27dfb62ec804b96180bafdeaf0e090/ruff-0.14.10-py3-none-manylinux_2_17_s390x.manylinux2014_s390x.whl", hash = "sha256:f24b47993a9d8cb858429e97bdf8544c78029f09b520af615c1d261bf827001d", size = 14460260, upload-time = "2025-12-18T19:29:27.808Z" },
    { url = "https://files.pythonhosted.org/packages/b3/19/9e050c0dca8aba824d67cc0db69fb459c28d8cd3f6855b1405b3f29cc91d/ruff-0.14.10-py3-none-manylinux_2_17_x86_64.manylinux2014_x86_64.whl", hash = "sha256:59aabd2e2c4fd614d2862e7939c34a532c04f1084476d6833dddef4afab87e9f", size = 14229978, upload-time = "2025-12-18T19:29:11.32Z" },
    { url = "https://files.pythonhosted.org/packages/51/eb/e8dd1dd6e05b9e695aa9dd420f4577debdd0f87a5ff2fedda33c09e9be8c/ruff-0.14.10-py3-none-manylinux_2_31_riscv64.whl", hash = "sha256:213db2b2e44be8625002dbea33bb9c60c66ea2c07c084a00d55732689d697a7f", size = 14338036, upload-time = "2025-12-18T19:29:09.184Z" },
    { url = "https://files.pythonhosted.org/packages/6a/12/f3e3a505db7c19303b70af370d137795fcfec136d670d5de5391e295c134/ruff-0.14.10-py3-none-musllinux_1_2_aarch64.whl", hash = "sha256:b914c40ab64865a17a9a5b67911d14df72346a634527240039eb3bd650e5979d", size = 13264051, upload-time = "2025-12-18T19:29:13.431Z" },
    { url = "https://files.pythonhosted.org/packages/08/64/8c3a47eaccfef8ac20e0484e68e0772013eb85802f8a9f7603ca751eb166/ruff-0.14.10-py3-none-musllinux_1_2_armv7l.whl", hash = "sha256:1484983559f026788e3a5c07c81ef7d1e97c1c78ed03041a18f75df104c45405", size = 13283998, upload-time = "2025-12-18T19:29:06.994Z" },
    { url = "https://files.pythonhosted.org/packages/12/84/534a5506f4074e5cc0529e5cd96cfc01bb480e460c7edf5af70d2bcae55e/ruff-0.14.10-py3-none-musllinux_1_2_i686.whl", hash = "sha256:c70427132db492d25f982fffc8d6c7535cc2fd2c83fc8888f05caaa248521e60", size = 13601891, upload-time = "2025-12-18T19:28:55.811Z" },
    { url = "https://files.pythonhosted.org/packages/0d/1e/14c916087d8598917dbad9b2921d340f7884824ad6e9c55de948a93b106d/ruff-0.14.10-py3-none-musllinux_1_2_x86_64.whl", hash = "sha256:5bcf45b681e9f1ee6445d317ce1fa9d6cba9a6049542d1c3d5b5958986be8830", size = 14336660, upload-time = "2025-12-18T19:29:16.531Z" },
    { url = "https://files.pythonhosted.org/packages/f2/1c/d7b67ab43f30013b47c12b42d1acd354c195351a3f7a1d67f59e54227ede/ruff-0.14.10-py3-none-win32.whl", hash = "sha256:104c49fc7ab73f3f3a758039adea978869a918f31b73280db175b43a2d9b51d6", size = 13196187, upload-time = "2025-12-18T19:29:19.006Z" },
    { url = "https://files.pythonhosted.org/packages/fb/9c/896c862e13886fae2af961bef3e6312db9ebc6adc2b156fe95e615dee8c1/ruff-0.14.10-py3-none-win_amd64.whl", hash = "sha256:466297bd73638c6bdf06485683e812db1c00c7ac96d4ddd0294a338c62fdc154", size = 14661283, upload-time = "2025-12-18T19:29:30.16Z" },
    { url = "https://files.pythonhosted.org/packages/74/31/b0e29d572670dca3674eeee78e418f20bdf97fa8aa9ea71380885e175ca0/ruff-0.14.10-py3-none-win_arm64.whl", hash = "sha256:e51d046cf6dda98a4633b8a8a771451107413b0f07183b2bef03f075599e44e6", size = 13729839, upload-time = "2025-12-18T19:28:48.636Z" },
]
